// !$*UTF8*$!
{
	archiveVersion = 1;
	classes = {
	};
	objectVersion = 50;
	objects = {

/* Begin PBXBuildFile section */
		D9350D4A242B4F6A00464B6F /* Question.swift in Sources */ = {isa = PBXBuildFile; fileRef = D9350D49242B4F6A00464B6F /* Question.swift */; };
		D9350D4C242B503900464B6F /* QuizBrain.swift in Sources */ = {isa = PBXBuildFile; fileRef = D9350D4B242B503900464B6F /* QuizBrain.swift */; };
		D9AFF8D6242A7E3300D3BBFA /* AppDelegate.swift in Sources */ = {isa = PBXBuildFile; fileRef = D9AFF8D5242A7E3300D3BBFA /* AppDelegate.swift */; };
		D9AFF8D8242A7E3300D3BBFA /* SceneDelegate.swift in Sources */ = {isa = PBXBuildFile; fileRef = D9AFF8D7242A7E3300D3BBFA /* SceneDelegate.swift */; };
		D9AFF8DA242A7E3300D3BBFA /* ViewController.swift in Sources */ = {isa = PBXBuildFile; fileRef = D9AFF8D9242A7E3300D3BBFA /* ViewController.swift */; };
		D9AFF8DD242A7E3300D3BBFA /* Main.storyboard in Resources */ = {isa = PBXBuildFile; fileRef = D9AFF8DB242A7E3300D3BBFA /* Main.storyboard */; };
		D9AFF8DF242A7E3400D3BBFA /* Assets.xcassets in Resources */ = {isa = PBXBuildFile; fileRef = D9AFF8DE242A7E3400D3BBFA /* Assets.xcassets */; };
		D9AFF8E2242A7E3400D3BBFA /* LaunchScreen.storyboard in Resources */ = {isa = PBXBuildFile; fileRef = D9AFF8E0242A7E3400D3BBFA /* LaunchScreen.storyboard */; };
		D9AFF8EA242A7E6C00D3BBFA /* ATButton.swift in Sources */ = {isa = PBXBuildFile; fileRef = D9AFF8E9242A7E6C00D3BBFA /* ATButton.swift */; };
/* End PBXBuildFile section */

/* Begin PBXFileReference section */
		D9350D49242B4F6A00464B6F /* Question.swift */ = {isa = PBXFileReference; lastKnownFileType = sourcecode.swift; path = Question.swift; sourceTree = "<group>"; };
		D9350D4B242B503900464B6F /* QuizBrain.swift */ = {isa = PBXFileReference; lastKnownFileType = sourcecode.swift; path = QuizBrain.swift; sourceTree = "<group>"; };
		D9AFF8D2242A7E3300D3BBFA /* emojiQuiz.app */ = {isa = PBXFileReference; explicitFileType = wrapper.application; includeInIndex = 0; path = emojiQuiz.app; sourceTree = BUILT_PRODUCTS_DIR; };
		D9AFF8D5242A7E3300D3BBFA /* AppDelegate.swift */ = {isa = PBXFileReference; lastKnownFileType = sourcecode.swift; path = AppDelegate.swift; sourceTree = "<group>"; };
		D9AFF8D7242A7E3300D3BBFA /* SceneDelegate.swift */ = {isa = PBXFileReference; lastKnownFileType = sourcecode.swift; path = SceneDelegate.swift; sourceTree = "<group>"; };
		D9AFF8D9242A7E3300D3BBFA /* ViewController.swift */ = {isa = PBXFileReference; lastKnownFileType = sourcecode.swift; path = ViewController.swift; sourceTree = "<group>"; };
		D9AFF8DC242A7E3300D3BBFA /* Base */ = {isa = PBXFileReference; lastKnownFileType = file.storyboard; name = Base; path = Base.lproj/Main.storyboard; sourceTree = "<group>"; };
		D9AFF8DE242A7E3400D3BBFA /* Assets.xcassets */ = {isa = PBXFileReference; lastKnownFileType = folder.assetcatalog; path = Assets.xcassets; sourceTree = "<group>"; };
		D9AFF8E1242A7E3400D3BBFA /* Base */ = {isa = PBXFileReference; lastKnownFileType = file.storyboard; name = Base; path = Base.lproj/LaunchScreen.storyboard; sourceTree = "<group>"; };
		D9AFF8E3242A7E3400D3BBFA /* Info.plist */ = {isa = PBXFileReference; lastKnownFileType = text.plist.xml; path = Info.plist; sourceTree = "<group>"; };
		D9AFF8E9242A7E6C00D3BBFA /* ATButton.swift */ = {isa = PBXFileReference; lastKnownFileType = sourcecode.swift; path = ATButton.swift; sourceTree = "<group>"; };
/* End PBXFileReference section */

/* Begin PBXFrameworksBuildPhase section */
		D9AFF8CF242A7E3300D3BBFA /* Frameworks */ = {
			isa = PBXFrameworksBuildPhase;
			buildActionMask = 2147483647;
			files = (
			);
			runOnlyForDeploymentPostprocessing = 0;
		};
/* End PBXFrameworksBuildPhase section */

/* Begin PBXGroup section */
		D9350D4D242B504000464B6F /* Models */ = {
			isa = PBXGroup;
			children = (
				D9350D49242B4F6A00464B6F /* Question.swift */,
				D9350D4B242B503900464B6F /* QuizBrain.swift */,
			);
			path = Models;
			sourceTree = "<group>";
		};
		D9AFF8C9242A7E3300D3BBFA = {
			isa = PBXGroup;
			children = (
				D9AFF8D4242A7E3300D3BBFA /* emojiQuiz */,
				D9AFF8D3242A7E3300D3BBFA /* Products */,
			);
			sourceTree = "<group>";
		};
		D9AFF8D3242A7E3300D3BBFA /* Products */ = {
			isa = PBXGroup;
			children = (
				D9AFF8D2242A7E3300D3BBFA /* emojiQuiz.app */,
			);
			name = Products;
			sourceTree = "<group>";
		};
		D9AFF8D4242A7E3300D3BBFA /* emojiQuiz */ = {
			isa = PBXGroup;
			children = (
				D9AFF8D5242A7E3300D3BBFA /* AppDelegate.swift */,
				D9AFF8D7242A7E3300D3BBFA /* SceneDelegate.swift */,
				D9AFF8D9242A7E3300D3BBFA /* ViewController.swift */,
				D9350D4D242B504000464B6F /* Models */,
				D9AFF8DB242A7E3300D3BBFA /* Main.storyboard */,
				D9AFF8DE242A7E3400D3BBFA /* Assets.xcassets */,
				D9AFF8E0242A7E3400D3BBFA /* LaunchScreen.storyboard */,
				D9AFF8E3242A7E3400D3BBFA /* Info.plist */,
				D9AFF8E9242A7E6C00D3BBFA /* ATButton.swift */,
			);
			path = emojiQuiz;
			sourceTree = "<group>";
		};
/* End PBXGroup section */

/* Begin PBXNativeTarget section */
		D9AFF8D1242A7E3300D3BBFA /* emojiQuiz */ = {
			isa = PBXNativeTarget;
			buildConfigurationList = D9AFF8E6242A7E3400D3BBFA /* Build configuration list for PBXNativeTarget "emojiQuiz" */;
			buildPhases = (
				D9AFF8CE242A7E3300D3BBFA /* Sources */,
				D9AFF8CF242A7E3300D3BBFA /* Frameworks */,
				D9AFF8D0242A7E3300D3BBFA /* Resources */,
			);
			buildRules = (
			);
			dependencies = (
			);
			name = emojiQuiz;
			productName = emojiQuiz;
			productReference = D9AFF8D2242A7E3300D3BBFA /* emojiQuiz.app */;
			productType = "com.apple.product-type.application";
		};
/* End PBXNativeTarget section */

/* Begin PBXProject section */
		D9AFF8CA242A7E3300D3BBFA /* Project object */ = {
			isa = PBXProject;
			attributes = {
				LastSwiftUpdateCheck = 1130;
				LastUpgradeCheck = 1130;
				ORGANIZATIONNAME = "alex theobold";
				TargetAttributes = {
					D9AFF8D1242A7E3300D3BBFA = {
						CreatedOnToolsVersion = 11.3.1;
					};
				};
			};
			buildConfigurationList = D9AFF8CD242A7E3300D3BBFA /* Build configuration list for PBXProject "emojiQuiz" */;
			compatibilityVersion = "Xcode 9.3";
			developmentRegion = en;
			hasScannedForEncodings = 0;
			knownRegions = (
				en,
				Base,
			);
			mainGroup = D9AFF8C9242A7E3300D3BBFA;
			productRefGroup = D9AFF8D3242A7E3300D3BBFA /* Products */;
			projectDirPath = "";
			projectRoot = "";
			targets = (
				D9AFF8D1242A7E3300D3BBFA /* emojiQuiz */,
			);
		};
/* End PBXProject section */

/* Begin PBXResourcesBuildPhase section */
		D9AFF8D0242A7E3300D3BBFA /* Resources */ = {
			isa = PBXResourcesBuildPhase;
			buildActionMask = 2147483647;
			files = (
				D9AFF8E2242A7E3400D3BBFA /* LaunchScreen.storyboard in Resources */,
				D9AFF8DF242A7E3400D3BBFA /* Assets.xcassets in Resources */,
				D9AFF8DD242A7E3300D3BBFA /* Main.storyboard in Resources */,
			);
			runOnlyForDeploymentPostprocessing = 0;
		};
/* End PBXResourcesBuildPhase section */

/* Begin PBXSourcesBuildPhase section */
		D9AFF8CE242A7E3300D3BBFA /* Sources */ = {
			isa = PBXSourcesBuildPhase;
			buildActionMask = 2147483647;
			files = (
				D9AFF8DA242A7E3300D3BBFA /* ViewController.swift in Sources */,
				D9350D4A242B4F6A00464B6F /* Question.swift in Sources */,
				D9AFF8D6242A7E3300D3BBFA /* AppDelegate.swift in Sources */,
				D9350D4C242B503900464B6F /* QuizBrain.swift in Sources */,
				D9AFF8EA242A7E6C00D3BBFA /* ATButton.swift in Sources */,
				D9AFF8D8242A7E3300D3BBFA /* SceneDelegate.swift in Sources */,
			);
			runOnlyForDeploymentPostprocessing = 0;
		};
/* End PBXSourcesBuildPhase section */

/* Begin PBXVariantGroup section */
		D9AFF8DB242A7E3300D3BBFA /* Main.storyboard */ = {
			isa = PBXVariantGroup;
			children = (
				D9AFF8DC242A7E3300D3BBFA /* Base */,
			);
			name = Main.storyboard;
			sourceTree = "<group>";
		};
		D9AFF8E0242A7E3400D3BBFA /* LaunchScreen.storyboard */ = {
			isa = PBXVariantGroup;
			children = (
				D9AFF8E1242A7E3400D3BBFA /* Base */,
			);
			name = LaunchScreen.storyboard;
			sourceTree = "<group>";
		};
/* End PBXVariantGroup section */

/* Begin XCBuildConfiguration section */
		D9AFF8E4242A7E3400D3BBFA /* Debug */ = {
			isa = XCBuildConfiguration;
			buildSettings = {
				ALWAYS_SEARCH_USER_PATHS = NO;
				CLANG_ANALYZER_NONNULL = YES;
				CLANG_ANALYZER_NUMBER_OBJECT_CONVERSION = YES_AGGRESSIVE;
				CLANG_CXX_LANGUAGE_STANDARD = "gnu++14";
				CLANG_CXX_LIBRARY = "libc++";
				CLANG_ENABLE_MODULES = YES;
				CLANG_ENABLE_OBJC_ARC = YES;
				CLANG_ENABLE_OBJC_WEAK = YES;
				CLANG_WARN_BLOCK_CAPTURE_AUTORELEASING = YES;
				CLANG_WARN_BOOL_CONVERSION = YES;
				CLANG_WARN_COMMA = YES;
				CLANG_WARN_CONSTANT_CONVERSION = YES;
				CLANG_WARN_DEPRECATED_OBJC_IMPLEMENTATIONS = YES;
				CLANG_WARN_DIRECT_OBJC_ISA_USAGE = YES_ERROR;
				CLANG_WARN_DOCUMENTATION_COMMENTS = YES;
				CLANG_WARN_EMPTY_BODY = YES;
				CLANG_WARN_ENUM_CONVERSION = YES;
				CLANG_WARN_INFINITE_RECURSION = YES;
				CLANG_WARN_INT_CONVERSION = YES;
				CLANG_WARN_NON_LITERAL_NULL_CONVERSION = YES;
				CLANG_WARN_OBJC_IMPLICIT_RETAIN_SELF = YES;
				CLANG_WARN_OBJC_LITERAL_CONVERSION = YES;
				CLANG_WARN_OBJC_ROOT_CLASS = YES_ERROR;
				CLANG_WARN_RANGE_LOOP_ANALYSIS = YES;
				CLANG_WARN_STRICT_PROTOTYPES = YES;
				CLANG_WARN_SUSPICIOUS_MOVE = YES;
				CLANG_WARN_UNGUARDED_AVAILABILITY = YES_AGGRESSIVE;
				CLANG_WARN_UNREACHABLE_CODE = YES;
				CLANG_WARN__DUPLICATE_METHOD_MATCH = YES;
				COPY_PHASE_STRIP = NO;
				DEBUG_INFORMATION_FORMAT = dwarf;
				ENABLE_STRICT_OBJC_MSGSEND = YES;
				ENABLE_TESTABILITY = YES;
				GCC_C_LANGUAGE_STANDARD = gnu11;
				GCC_DYNAMIC_NO_PIC = NO;
				GCC_NO_COMMON_BLOCKS = YES;
				GCC_OPTIMIZATION_LEVEL = 0;
				GCC_PREPROCESSOR_DEFINITIONS = (
					"DEBUG=1",
					"$(inherited)",
				);
				GCC_WARN_64_TO_32_BIT_CONVERSION = YES;
				GCC_WARN_ABOUT_RETURN_TYPE = YES_ERROR;
				GCC_WARN_UNDECLARED_SELECTOR = YES;
				GCC_WARN_UNINITIALIZED_AUTOS = YES_AGGRESSIVE;
				GCC_WARN_UNUSED_FUNCTION = YES;
				GCC_WARN_UNUSED_VARIABLE = YES;
				IPHONEOS_DEPLOYMENT_TARGET = 13.2;
				MTL_ENABLE_DEBUG_INFO = INCLUDE_SOURCE;
				MTL_FAST_MATH = YES;
				ONLY_ACTIVE_ARCH = YES;
				SDKROOT = iphoneos;
				SWIFT_ACTIVE_COMPILATION_CONDITIONS = DEBUG;
				SWIFT_OPTIMIZATION_LEVEL = "-Onone";
			};
			name = Debug;
		};
		D9AFF8E5242A7E3400D3BBFA /* Release */ = {
			isa = XCBuildConfiguration;
			buildSettings = {
				ALWAYS_SEARCH_USER_PATHS = NO;
				CLANG_ANALYZER_NONNULL = YES;
				CLANG_ANALYZER_NUMBER_OBJECT_CONVERSION = YES_AGGRESSIVE;
				CLANG_CXX_LANGUAGE_STANDARD = "gnu++14";
				CLANG_CXX_LIBRARY = "libc++";
				CLANG_ENABLE_MODULES = YES;
				CLANG_ENABLE_OBJC_ARC = YES;
				CLANG_ENABLE_OBJC_WEAK = YES;
				CLANG_WARN_BLOCK_CAPTURE_AUTORELEASING = YES;
				CLANG_WARN_BOOL_CONVERSION = YES;
				CLANG_WARN_COMMA = YES;
				CLANG_WARN_CONSTANT_CONVERSION = YES;
				CLANG_WARN_DEPRECATED_OBJC_IMPLEMENTATIONS = YES;
				CLANG_WARN_DIRECT_OBJC_ISA_USAGE = YES_ERROR;
				CLANG_WARN_DOCUMENTATION_COMMENTS = YES;
				CLANG_WARN_EMPTY_BODY = YES;
				CLANG_WARN_ENUM_CONVERSION = YES;
				CLANG_WARN_INFINITE_RECURSION = YES;
				CLANG_WARN_INT_CONVERSION = YES;
				CLANG_WARN_NON_LITERAL_NULL_CONVERSION = YES;
				CLANG_WARN_OBJC_IMPLICIT_RETAIN_SELF = YES;
				CLANG_WARN_OBJC_LITERAL_CONVERSION = YES;
				CLANG_WARN_OBJC_ROOT_CLASS = YES_ERROR;
				CLANG_WARN_RANGE_LOOP_ANALYSIS = YES;
				CLANG_WARN_STRICT_PROTOTYPES = YES;
				CLANG_WARN_SUSPICIOUS_MOVE = YES;
				CLANG_WARN_UNGUARDED_AVAILABILITY = YES_AGGRESSIVE;
				CLANG_WARN_UNREACHABLE_CODE = YES;
				CLANG_WARN__DUPLICATE_METHOD_MATCH = YES;
				COPY_PHASE_STRIP = NO;
				DEBUG_INFORMATION_FORMAT = "dwarf-with-dsym";
				ENABLE_NS_ASSERTIONS = NO;
				ENABLE_STRICT_OBJC_MSGSEND = YES;
				GCC_C_LANGUAGE_STANDARD = gnu11;
				GCC_NO_COMMON_BLOCKS = YES;
				GCC_WARN_64_TO_32_BIT_CONVERSION = YES;
				GCC_WARN_ABOUT_RETURN_TYPE = YES_ERROR;
				GCC_WARN_UNDECLARED_SELECTOR = YES;
				GCC_WARN_UNINITIALIZED_AUTOS = YES_AGGRESSIVE;
				GCC_WARN_UNUSED_FUNCTION = YES;
				GCC_WARN_UNUSED_VARIABLE = YES;
				IPHONEOS_DEPLOYMENT_TARGET = 13.2;
				MTL_ENABLE_DEBUG_INFO = NO;
				MTL_FAST_MATH = YES;
				SDKROOT = iphoneos;
				SWIFT_COMPILATION_MODE = wholemodule;
				SWIFT_OPTIMIZATION_LEVEL = "-O";
				VALIDATE_PRODUCT = YES;
			};
			name = Release;
		};
		D9AFF8E7242A7E3400D3BBFA /* Debug */ = {
			isa = XCBuildConfiguration;
			buildSettings = {
				ASSETCATALOG_COMPILER_APPICON_NAME = AppIcon;
				CODE_SIGN_STYLE = Automatic;
				DEVELOPMENT_TEAM = SP9SV6A2MX;
				INFOPLIST_FILE = emojiQuiz/Info.plist;
				LD_RUNPATH_SEARCH_PATHS = (
					"$(inherited)",
					"@executable_path/Frameworks",
				);
				PRODUCT_BUNDLE_IDENTIFIER = com.alextheobold.emojiQuiz;
				PRODUCT_NAME = "$(TARGET_NAME)";
				SWIFT_VERSION = 5.0;
				TARGETED_DEVICE_FAMILY = 1;
			};
			name = Debug;
		};
		D9AFF8E8242A7E3400D3BBFA /* Release */ = {
			isa = XCBuildConfiguration;
			buildSettings = {
				ASSETCATALOG_COMPILER_APPICON_NAME = AppIcon;
				CODE_SIGN_STYLE = Automatic;
				DEVELOPMENT_TEAM = SP9SV6A2MX;
				INFOPLIST_FILE = emojiQuiz/Info.plist;
				LD_RUNPATH_SEARCH_PATHS = (
					"$(inherited)",
					"@executable_path/Frameworks",
				);
				PRODUCT_BUNDLE_IDENTIFIER = com.alextheobold.emojiQuiz;
				PRODUCT_NAME = "$(TARGET_NAME)";
				SWIFT_VERSION = 5.0;
				TARGETED_DEVICE_FAMILY = 1;
			};
			name = Release;
		};
/* End XCBuildConfiguration section */

/* Begin XCConfigurationList section */
		D9AFF8CD242A7E3300D3BBFA /* Build configuration list for PBXProject "emojiQuiz" */ = {
			isa = XCConfigurationList;
			buildConfigurations = (
				D9AFF8E4242A7E3400D3BBFA /* Debug */,
				D9AFF8E5242A7E3400D3BBFA /* Release */,
			);
			defaultConfigurationIsVisible = 0;
			defaultConfigurationName = Release;
		};
		D9AFF8E6242A7E3400D3BBFA /* Build configuration list for PBXNativeTarget "emojiQuiz" */ = {
			isa = XCConfigurationList;
			buildConfigurations = (
				D9AFF8E7242A7E3400D3BBFA /* Debug */,
				D9AFF8E8242A7E3400D3BBFA /* Release */,
			);
			defaultConfigurationIsVisible = 0;
			defaultConfigurationName = Release;
		};
/* End XCConfigurationList section */
	};
	rootObject = D9AFF8CA242A7E3300D3BBFA /* Project object */;
}
